{
  "requires": true,
  "lockfileVersion": 1,
  "dependencies": {
    "bson": {
      "version": "1.1.1",
      "resolved": "https://registry.npmjs.org/bson/-/bson-1.1.1.tgz",
      "integrity": "sha512-jCGVYLoYMHDkOsbwJZBCqwMHyH4c+wzgI9hG7Z6SZJRXWr+x58pdIbm2i9a/jFGCkRJqRUr8eoI7lDWa0hTkxg=="
    },
    "datatables.net": {
      "version": "1.10.19",
      "resolved": "https://registry.npmjs.org/datatables.net/-/datatables.net-1.10.19.tgz",
      "integrity": "sha512-+ljXcI6Pj3PTGy5pesp3E5Dr3x3AV45EZe0o1r0gKENN2gafBKXodVnk2ypKwl2tTmivjxbkiqoWnipTefyBTA==",
      "requires": {
        "jquery": ">=1.7"
      }
    },
    "datatables.net-autofill": {
      "version": "2.3.3",
      "resolved": "https://registry.npmjs.org/datatables.net-autofill/-/datatables.net-autofill-2.3.3.tgz",
      "integrity": "sha512-yJXvs0JLPZOa2L44QQT8gX+RitiK6Q+Z5E1Epjx0FwOIc+Ala8gl6cutUNEDvx/ItgoDbPAKLyxdJrzM0GZtVA==",
      "requires": {
        "datatables.net": "^1.10.15",
        "jquery": ">=1.7"
      }
    },
    "datatables.net-autofill-dt": {
      "version": "2.3.3",
      "resolved": "https://registry.npmjs.org/datatables.net-autofill-dt/-/datatables.net-autofill-dt-2.3.3.tgz",
      "integrity": "sha512-DXpqPx10WOQlUHzGf/WCZuZN07RDTSQxIHrCrAWFwgBONI3lp709ksqy0wNyabZsx2xhjZSaNty1bwYaLLtD0A==",
      "requires": {
        "datatables.net-autofill": "2.3.3",
        "datatables.net-dt": "^1.10.15",
        "jquery": ">=1.7"
      }
    },
    "datatables.net-autofill-jqui": {
      "version": "2.3.3",
      "resolved": "https://registry.npmjs.org/datatables.net-autofill-jqui/-/datatables.net-autofill-jqui-2.3.3.tgz",
      "integrity": "sha512-I+hYqS046dSvqBlvtBnJAzHc624ZlMcu0jjeDlDGreGVhU5x9KPJjmV4J5Hqyb5ZxP5N1cYNjosp9FpOfWHsAA==",
      "requires": {
        "datatables.net-autofill": "2.3.3",
        "datatables.net-jqui": "^1.10.15",
        "jquery": ">=1.7"
      }
    },
    "datatables.net-buttons": {
      "version": "1.5.6",
      "resolved": "https://registry.npmjs.org/datatables.net-buttons/-/datatables.net-buttons-1.5.6.tgz",
      "integrity": "sha512-FlJtjQ8dsr6xeHWETUCtUJEa7ZqKlphFb22+LXZs80LmJqpVbW84BkppwSoKK+F4k8eRr1tYr38dxcCvIIy0rw==",
      "requires": {
        "datatables.net": "^1.10.15",
        "jquery": ">=1.7"
      }
    },
    "datatables.net-buttons-dt": {
      "version": "1.5.6",
      "resolved": "https://registry.npmjs.org/datatables.net-buttons-dt/-/datatables.net-buttons-dt-1.5.6.tgz",
      "integrity": "sha512-+5D6x6fbVIibQOKMrKaC84l2fwsEGuIaakDph1Nr3xVRtglahjptltwJHYee4uaLKlsMa4ZirHGpUk+aL8joYQ==",
      "requires": {
        "datatables.net-buttons": "1.5.6",
        "datatables.net-dt": "^1.10.15",
        "jquery": ">=1.7"
      }
    },
    "datatables.net-buttons-jqui": {
      "version": "1.5.6",
      "resolved": "https://registry.npmjs.org/datatables.net-buttons-jqui/-/datatables.net-buttons-jqui-1.5.6.tgz",
      "integrity": "sha512-d3xlbLLpgO5yonf6aVhFQfIBgegBnodS21cVTAZNhGWmDxTqzvjHoQQTMFd2S8m6fsjzZcUQh+7/xW9Du7IbNg==",
      "requires": {
        "datatables.net-buttons": "1.5.6",
        "datatables.net-jqui": "^1.10.15",
        "jquery": ">=1.7"
      }
    },
    "datatables.net-colreorder": {
      "version": "1.5.1",
      "resolved": "https://registry.npmjs.org/datatables.net-colreorder/-/datatables.net-colreorder-1.5.1.tgz",
      "integrity": "sha512-nKV0ZBOdOG+CCrtDZZlTOvhu9NC53pr4rYR8Xhd3KIKipLZohWWdBoOFGMu+VKDvllg2Xj79oS/wicYSiNyteA==",
      "requires": {
        "datatables.net": "^1.10.15",
        "jquery": ">=1.7"
      }
    },
    "datatables.net-colreorder-dt": {
      "version": "1.5.1",
      "resolved": "https://registry.npmjs.org/datatables.net-colreorder-dt/-/datatables.net-colreorder-dt-1.5.1.tgz",
      "integrity": "sha512-V8WXOBZbaNCYz7TApHkox746RX96JMPykfn3I2M2v605BrfyqiGet2bTxrdHieLVea1uyAyqyc00Od/dZ67HjQ==",
      "requires": {
        "datatables.net-colreorder": "1.5.1",
        "datatables.net-dt": "^1.10.15",
        "jquery": ">=1.7"
      }
    },
    "datatables.net-colreorder-jqui": {
      "version": "1.5.1",
      "resolved": "https://registry.npmjs.org/datatables.net-colreorder-jqui/-/datatables.net-colreorder-jqui-1.5.1.tgz",
      "integrity": "sha512-AVPxhufGoOR0LnN4Z1H+Y+v0uU1LuKRL2bZedccd78E4TyljkQVWNacLp6oKKofhmPjhn3r48AMDztRJ6kz9EA==",
      "requires": {
        "datatables.net-colreorder": "1.5.1",
        "datatables.net-jqui": "^1.10.15",
        "jquery": ">=1.7"
      }
    },
    "datatables.net-dt": {
      "version": "1.10.19",
      "resolved": "https://registry.npmjs.org/datatables.net-dt/-/datatables.net-dt-1.10.19.tgz",
      "integrity": "sha512-joFHYjLYvr9VnC9Fx3e+8jtXnQ/fP/mPFWt9p0NhZ3Zm5N0jlYyWhJQbnLkihOLuDcDFMaGdBQSvmIdTVdgGyw==",
      "requires": {
        "datatables.net": "1.10.19",
        "jquery": ">=1.7"
      }
    },
    "datatables.net-fixedcolumns": {
      "version": "3.2.6",
      "resolved": "https://registry.npmjs.org/datatables.net-fixedcolumns/-/datatables.net-fixedcolumns-3.2.6.tgz",
      "integrity": "sha512-PtEs2tllcHRVZj7fwmAQBWGJ5URRQZpDG2pJsh5jusvnRje3w1+KueMZm60iCtfOkIlUn+/j2+MghxLx/8yfKQ==",
      "requires": {
        "datatables.net": "^1.10.15",
        "jquery": ">=1.7"
      }
    },
    "datatables.net-fixedcolumns-dt": {
      "version": "3.2.6",
      "resolved": "https://registry.npmjs.org/datatables.net-fixedcolumns-dt/-/datatables.net-fixedcolumns-dt-3.2.6.tgz",
      "integrity": "sha512-nptzhSeFSLSDMlnqTwuBT11htbOHa7mKUIjRP8+znIlNIifr0T6GEibr0TwaCcYegY7sLL00RDM+F7P+KC5gOA==",
      "requires": {
        "datatables.net-dt": "^1.10.15",
        "datatables.net-fixedcolumns": "3.2.6",
        "jquery": ">=1.7"
      }
    },
    "datatables.net-fixedheader": {
      "version": "3.1.5",
      "resolved": "https://registry.npmjs.org/datatables.net-fixedheader/-/datatables.net-fixedheader-3.1.5.tgz",
      "integrity": "sha512-k5Hdj9uDe9iodr/F5Upq7D3rkO6Cw6XpnPRlfk38B0Imb+Fqe7aB3Jn88A4D79Rbla3sqO3ifQOwWoO9qlHetA==",
      "requires": {
        "datatables.net": "^1.10.15",
        "jquery": ">=1.7"
      }
    },
    "datatables.net-fixedheader-dt": {
      "version": "3.1.5",
      "resolved": "https://registry.npmjs.org/datatables.net-fixedheader-dt/-/datatables.net-fixedheader-dt-3.1.5.tgz",
      "integrity": "sha512-kePF0ejpRJjVyh6HgBrv0OHEO+RkcaebvVOSExH6+Qz0j48wDNqB9LHr8dPv1BEAv1k3YiKp1DheBqsX2jIBCA==",
      "requires": {
        "datatables.net-dt": "^1.10.15",
        "datatables.net-fixedheader": "3.1.5",
        "jquery": ">=1.7"
      }
    },
    "datatables.net-fixedheader-jqui": {
      "version": "3.1.5",
      "resolved": "https://registry.npmjs.org/datatables.net-fixedheader-jqui/-/datatables.net-fixedheader-jqui-3.1.5.tgz",
      "integrity": "sha512-/3KNPPrGGNd5gcB2Fy1autbdOZRGFE7vFhcorQLKx3bdJ/x0QMKb1fFubWhWmsr2eDziwLMETChOZXTNhd83dg==",
      "requires": {
        "datatables.net-fixedheader": "3.1.5",
        "datatables.net-jqui": "^1.10.15",
        "jquery": ">=1.7"
      }
    },
    "datatables.net-jqui": {
      "version": "1.10.19",
      "resolved": "https://registry.npmjs.org/datatables.net-jqui/-/datatables.net-jqui-1.10.19.tgz",
      "integrity": "sha512-mqmHHT64XWk8e1svSmLPpdXgwlr2lz8bFdQ20wOj0itGiTo+4WC3bf35YLOoA8cKTtQ1IbWxObxcPhyrKrfcgw==",
      "requires": {
        "datatables.net": "1.10.19",
        "jquery": ">=1.7"
      }
    },
    "datatables.net-keytable": {
      "version": "2.5.0",
      "resolved": "https://registry.npmjs.org/datatables.net-keytable/-/datatables.net-keytable-2.5.0.tgz",
      "integrity": "sha512-1h9SpTAR0OU2UXv5NNruLPU2Pk/v0HZd20yc9RAofjkfGHsIIf6vFw8G2We7bY5jn7AbFIE9jNV2rnYDWeTbDg==",
      "requires": {
        "datatables.net": "^1.10.15",
        "jquery": ">=1.7"
      }
    },
    "datatables.net-keytable-dt": {
      "version": "2.5.0",
      "resolved": "https://registry.npmjs.org/datatables.net-keytable-dt/-/datatables.net-keytable-dt-2.5.0.tgz",
      "integrity": "sha512-9kJp8uY8Ie39vXIYmGdxzjQDY34uYvTsb3BdKfo9FN0ElJiJk+0F8Mje7+kw28E11g9n/bOXnJrAyBo6gXLzTA==",
      "requires": {
        "datatables.net-dt": "^1.10.15",
        "datatables.net-keytable": "2.5.0",
        "jquery": ">=1.7"
      }
    },
    "datatables.net-keytable-jqui": {
      "version": "2.5.0",
      "resolved": "https://registry.npmjs.org/datatables.net-keytable-jqui/-/datatables.net-keytable-jqui-2.5.0.tgz",
      "integrity": "sha512-i6WcDVcAjFqf3XTh0KMwb3LffLBgCxQ51qv4zSjVOZPWtmG+B0EvvXM5bMMUbMqbgKcrtwke+jJ9lZwJVHlQOA==",
      "requires": {
        "datatables.net-jqui": "^1.10.15",
        "datatables.net-keytable": "2.5.0",
        "jquery": ">=1.7"
      }
    },
    "datatables.net-responsive": {
      "version": "2.2.3",
      "resolved": "https://registry.npmjs.org/datatables.net-responsive/-/datatables.net-responsive-2.2.3.tgz",
      "integrity": "sha512-8D6VtZcyuH3FG0Hn5A4LPZQEOX3+HrRFM7HjpmsQc/nQDBbdeBLkJX4Sh/o1nzFTSneuT1Wh/lYZHVPpjcN+Sw==",
      "requires": {
        "datatables.net": "^1.10.15",
        "jquery": ">=1.7"
      }
    },
    "datatables.net-responsive-dt": {
      "version": "2.2.3",
      "resolved": "https://registry.npmjs.org/datatables.net-responsive-dt/-/datatables.net-responsive-dt-2.2.3.tgz",
      "integrity": "sha512-NGxuii+3sWGG150AWmQ5NYCrTaFKUHo6GeizBR8o2Uuy68PnuNrSO27hyLvOYNLHQ9kALT66f/gTaBc2TdznFA==",
      "requires": {
        "datatables.net-dt": "^1.10.15",
        "datatables.net-responsive": "2.2.3",
        "jquery": ">=1.7"
      }
    },
    "datatables.net-responsive-jqui": {
      "version": "2.2.3",
      "resolved": "https://registry.npmjs.org/datatables.net-responsive-jqui/-/datatables.net-responsive-jqui-2.2.3.tgz",
      "integrity": "sha512-TOIkBXNYaGCKQoU03g2lNX83VexaNDLJWaB9erw0htlKBl1WRg4cVTofhb2Hn8pLEDeE0RUN8IiBmMYjgbsFBA==",
      "requires": {
        "datatables.net-jqui": "^1.10.15",
        "datatables.net-responsive": "2.2.3",
        "jquery": ">=1.7"
      }
    },
    "datatables.net-rowgroup": {
      "version": "1.1.0",
      "resolved": "https://registry.npmjs.org/datatables.net-rowgroup/-/datatables.net-rowgroup-1.1.0.tgz",
      "integrity": "sha512-OPIiiMTbIoh1hSnJ9lx3avqKpYtEPux5iA6jpWKRdyKbdYU8UQbi5ht3b096frYQplIuAQnQcwqpGmvrf77l6g==",
      "requires": {
        "datatables.net": "^1.10.15",
        "jquery": ">=1.7"
      }
    },
    "datatables.net-rowgroup-dt": {
      "version": "1.1.0",
      "resolved": "https://registry.npmjs.org/datatables.net-rowgroup-dt/-/datatables.net-rowgroup-dt-1.1.0.tgz",
      "integrity": "sha512-c1aRD7qB2UhsLAdaBb6ntEtDazCYGrMn9pOYheRoLuDUphmT9y5llwhNQtkO8CIzDEcH8baIa7HwefIfZawc3g==",
      "requires": {
        "datatables.net-dt": "^1.10.15",
        "datatables.net-rowgroup": "1.1.0",
        "jquery": ">=1.7"
      }
    },
    "datatables.net-rowgroup-jqui": {
      "version": "1.1.0",
      "resolved": "https://registry.npmjs.org/datatables.net-rowgroup-jqui/-/datatables.net-rowgroup-jqui-1.1.0.tgz",
      "integrity": "sha512-Y+7UfY4YhKVPyp+/zqWRTNYxINKXoodrd/TrUpwecmgKYzIZZ3a/uk9XqRgK7KPpWfKi2x1R1OWYG1PG7byTww==",
      "requires": {
        "datatables.net-jqui": "^1.10.15",
        "datatables.net-rowgroup": "1.1.0",
        "jquery": ">=1.7"
      }
    },
    "datatables.net-scroller": {
      "version": "2.0.0",
      "resolved": "https://registry.npmjs.org/datatables.net-scroller/-/datatables.net-scroller-2.0.0.tgz",
      "integrity": "sha512-Xe116srtpE0RS/f9xxUYf7dK4tSFDZmQ7H95AUT9diB7dcvwGJMIPUIVeTlNDEhLvwAFpGZlizkOlBUwy7GsTg==",
      "requires": {
        "datatables.net": "^1.10.15",
        "jquery": ">=1.7"
      }
    },
    "datatables.net-scroller-dt": {
      "version": "2.0.0",
      "resolved": "https://registry.npmjs.org/datatables.net-scroller-dt/-/datatables.net-scroller-dt-2.0.0.tgz",
      "integrity": "sha512-QS3u5T6dVTQUIY607jUPn2j3j5zmB3x++WfBxKo7Qr61EiPlrXflyIE+KL6PCxsHlM5dYQkUSyy4iONPlbP5Kw==",
      "requires": {
        "datatables.net-dt": "^1.10.15",
        "datatables.net-scroller": "2.0.0",
        "jquery": ">=1.7"
      }
    },
    "datatables.net-scroller-jqui": {
      "version": "2.0.0",
      "resolved": "https://registry.npmjs.org/datatables.net-scroller-jqui/-/datatables.net-scroller-jqui-2.0.0.tgz",
      "integrity": "sha512-E5sLerMC3z0mgaKy3dp+C9GTJfC7KFoBE6DPQbqxwLuZEN920H8CVgsQFCzY6VCY3zbCeHK8zzCQwrLfxlupKQ==",
      "requires": {
        "datatables.net-jqui": "^1.10.15",
        "datatables.net-scroller": "2.0.0",
        "jquery": ">=1.7"
      }
    },
    "datatables.net-select": {
      "version": "1.3.0",
      "resolved": "https://registry.npmjs.org/datatables.net-select/-/datatables.net-select-1.3.0.tgz",
      "integrity": "sha512-sj72BM+Sx2n9mTHQjPiGMrGUoAVA1PCGmD+vEuAedhlDX1PAHcnqsOnG37eWrpqIsOQR/ZcSuE8IkU7gmiQkew==",
      "requires": {
        "datatables.net": "^1.10.15",
        "jquery": ">=1.7"
      }
    },
    "datatables.net-select-dt": {
      "version": "1.3.0",
      "resolved": "https://registry.npmjs.org/datatables.net-select-dt/-/datatables.net-select-dt-1.3.0.tgz",
      "integrity": "sha512-VG2ji69XNdgtobODUJpFWiGq4szf4hP6qAiu+N+/LLoKIslMmOl/5Mi/o7pesqK5mtPAh/2rURwA09UIstfuIg==",
      "requires": {
        "datatables.net-dt": "^1.10.15",
        "datatables.net-select": "1.3.0",
        "jquery": ">=1.7"
      }
    },
    "datatables.net-select-jqui": {
      "version": "1.3.0",
      "resolved": "https://registry.npmjs.org/datatables.net-select-jqui/-/datatables.net-select-jqui-1.3.0.tgz",
      "integrity": "sha512-NGFTRTHml/DwHnZo7Dm4fzXYGfCKAZs1ssFw2YhQ5GVd6n1yVAucmWIUvkATZgucFrzG5qF+Zqoh8P+OmVLFsA==",
      "requires": {
        "datatables.net-jqui": "^1.10.15",
        "datatables.net-select": "1.3.0",
        "jquery": ">=1.7"
      }
    },
    "jquery": {
      "version": "3.4.1",
      "resolved": "https://registry.npmjs.org/jquery/-/jquery-3.4.1.tgz",
      "integrity": "sha512-36+AdBzCL+y6qjw5Tx7HgzeGCzC81MDDgaUP8ld2zhx58HdqXGoBd+tHdrBMiyjGQs0Hxs/MLZTu/eHNJJuWPw=="
    },
    "mongodb": {
      "version": "3.3.0-beta2",
      "resolved": "https://registry.npmjs.org/mongodb/-/mongodb-3.3.0-beta2.tgz",
      "integrity": "sha512-Z8L7VwLx4omRw4twLQ00tPxVrfDi6pELFR4oCDAu8rDUjhtmH7vsBtS9idqBTbvkcx7w9eaN+m2h4aPkXlnpDg==",
      "requires": {
        "bson": "^1.1.1",
        "require_optional": "^1.0.1",
        "safe-buffer": "^5.1.2"
      }
    },
    "require_optional": {
      "version": "1.0.1",
      "resolved": "https://registry.npmjs.org/require_optional/-/require_optional-1.0.1.tgz",
      "integrity": "sha512-qhM/y57enGWHAe3v/NcwML6a3/vfESLe/sGM2dII+gEO0BpKRUkWZow/tyloNqJyN6kXSl3RyyM8Ll5D/sJP8g==",
      "requires": {
        "resolve-from": "^2.0.0",
        "semver": "^5.1.0"
      }
    },
    "resolve-from": {
      "version": "2.0.0",
      "resolved": "https://registry.npmjs.org/resolve-from/-/resolve-from-2.0.0.tgz",
      "integrity": "sha1-lICrIOlP+h2egKgEx+oUdhGWa1c="
    },
    "safe-buffer": {
      "version": "5.2.0",
      "resolved": "https://registry.npmjs.org/safe-buffer/-/safe-buffer-5.2.0.tgz",
      "integrity": "sha512-fZEwUGbVl7kouZs1jCdMLdt95hdIv0ZeHg6L7qPeciMZhZ+/gdesW4wgTARkrFWEpspjEATAzUGPG8N2jJiwbg=="
    },
    "semver": {
      "version": "5.7.0",
      "resolved": "https://registry.npmjs.org/semver/-/semver-5.7.0.tgz",
      "integrity": "sha512-Ya52jSX2u7QKghxeoFGpLwCtGlt7j0oY9DYb5apt9nPlJ42ID+ulTXESnt/qAQcoSERyZ5sl3LDIOw0nAn/5DA=="
    }
  }
}
